
Microsoft Visual Studio Solution File, Format Version 12.00
# Visual Studio Version 16
VisualStudioVersion = 16.0.28808.14
MinimumVisualStudioVersion = 10.0.40219.1
Project("{9A19103F-16F7-4668-BE54-9A1E7A4F7556}") = "CustomControlLibrary.WpfCore", "CustomControlLibrary.WpfCore\CustomControlLibrary.WpfCore.csproj", "{6096B986-D7BE-439E-9BDF-DE029C6ED4A4}"
EndProject
Project("{FAE04EC0-301F-11D3-BF4B-00C04F79EFBC}") = "CustomControlLibrary.WpfCore.DesignTools", "CustomControlLibrary.WpfCore.DesignTools\CustomControlLibrary.WpfCore.DesignTools.csproj", "{D08456C9-6C4C-4CE4-A6AE-8CDA0B56428C}"
EndProject
Project("{9A19103F-16F7-4668-BE54-9A1E7A4F7556}") = "DemoApplication", "DemoApplication\DemoApplication.csproj", "{32D31E38-E867-41B6-8F3C-E004E1AACA1B}"
EndProject
Project("{FAE04EC0-301F-11D3-BF4B-00C04F79EFBC}") = "AddReferenceDemo", "AddReferenceDemo\AddReferenceDemo.csproj", "{9D859E0E-C1D6-4657-978B-D7810C6C9F53}"
EndProject
Global
	GlobalSection(SolutionConfigurationPlatforms) = preSolution
		Debug|Any CPU = Debug|Any CPU
		Release|Any CPU = Release|Any CPU
	EndGlobalSection
	GlobalSection(ProjectConfigurationPlatforms) = postSolution
		{6096B986-D7BE-439E-9BDF-DE029C6ED4A4}.Debug|Any CPU.ActiveCfg = Debug|Any CPU
		{6096B986-D7BE-439E-9BDF-DE029C6ED4A4}.Debug|Any CPU.Build.0 = Debug|Any CPU
		{6096B986-D7BE-439E-9BDF-DE029C6ED4A4}.Release|Any CPU.ActiveCfg = Release|Any CPU
		{6096B986-D7BE-439E-9BDF-DE029C6ED4A4}.Release|Any CPU.Build.0 = Release|Any CPU
		{D08456C9-6C4C-4CE4-A6AE-8CDA0B56428C}.Debug|Any CPU.ActiveCfg = Debug|Any CPU
		{D08456C9-6C4C-4CE4-A6AE-8CDA0B56428C}.Debug|Any CPU.Build.0 = Debug|Any CPU
		{D08456C9-6C4C-4CE4-A6AE-8CDA0B56428C}.Release|Any CPU.ActiveCfg = Release|Any CPU
		{D08456C9-6C4C-4CE4-A6AE-8CDA0B56428C}.Release|Any CPU.Build.0 = Release|Any CPU
		{32D31E38-E867-41B6-8F3C-E004E1AACA1B}.Debug|Any CPU.ActiveCfg = Debug|Any CPU
		{32D31E38-E867-41B6-8F3C-E004E1AACA1B}.Debug|Any CPU.Build.0 = Debug|Any CPU
		{32D31E38-E867-41B6-8F3C-E004E1AACA1B}.Release|Any CPU.ActiveCfg = Release|Any CPU
		{32D31E38-E867-41B6-8F3C-E004E1AACA1B}.Release|Any CPU.Build.0 = Release|Any CPU
		{9D859E0E-C1D6-4657-978B-D7810C6C9F53}.Debug|Any CPU.ActiveCfg = Debug|Any CPU
		{9D859E0E-C1D6-4657-978B-D7810C6C9F53}.Debug|Any CPU.Build.0 = Debug|Any CPU
		{9D859E0E-C1D6-4657-978B-D7810C6C9F53}.Release|Any CPU.ActiveCfg = Release|Any CPU
		{9D859E0E-C1D6-4657-978B-D7810C6C9F53}.Release|Any CPU.Build.0 = Release|Any CPU
	EndGlobalSection
	GlobalSection(SolutionProperties) = preSolution
		HideSolutionNode = FALSE
	EndGlobalSection
	GlobalSection(ExtensibilityGlobals) = postSolution
		SolutionGuid = {4E6C2C12-C39C-485F-804A-CD598A3AC873}
	EndGlobalSection
EndGlobal
